github.com/BurntSushi/toml v0.3.1 h1:WXkYYl6Yr3qBf1K79EBnL4mak0OimBfB0XUf9Vl28OQ=
github.com/BurntSushi/toml v0.3.1/go.mod h1:xHWCNGjB5oqiDr8zfno3MHue2Ht5sIBksp03qcyfWMU=
github.com/Hatch1fy/cron v0.4.80 h1:4/qX1Y7xGaN0EyrjZN9Z3MpJMfsOrgsgPz4iQsXEwiY=
github.com/Hatch1fy/cron v0.4.80/go.mod h1:srziZhU5rAzVXoUSkVkzq3iZOk+u+Y7pV3nL+dXN9L4=
github.com/Hatch1fy/httpserve v0.4.87 h1:8+QYlHVmXfYAhrYThgtxfqRAYCHWPrRqGDGL5PX4w2s=
github.com/Hatch1fy/httpserve v0.4.87/go.mod h1:1EzI0TnjpTTltDN8zIkWqT8gavOEcnp6D0ksv917/bs=
github.com/Hatch1fy/pgutils v0.4.84 h1:udlBolmcskb+6fKlFrnJBGAfU+QlP0TcYjLquoXagJk=
github.com/Hatch1fy/pgutils v0.4.84/go.mod h1:1JGJrN/NZG7KEE7U7xdEvAEvcnNsqULYzD4OkqqaCiI=
github.com/aws/aws-sdk-go v1.33.6 h1:YLoUeMSx05kHwhS+HLDSpdYYpPzJMyp6hn1cWsJ6a+U=
github.com/aws/aws-sdk-go v1.33.6/go.mod h1:5zCpMtNQVjRREroY7sYe8lOMRSxkhG6MZveU8YkpAk0=
github.com/boltdb/bolt v1.3.1 h1:JQmyP4ZBrce+ZQu0dY660FMfatumYDLun9hBCUVIkF4=
github.com/boltdb/bolt v1.3.1/go.mod h1:clJnj/oiGkjum5o1McbSZDSLxVThjynRyGBgiAx27Ps=
github.com/davecgh/go-spew v1.1.0 h1:ZDRjVQ15GmhC3fiQ8ni8+OwkZQO4DARzQgrnXU1Liz8=
github.com/davecgh/go-spew v1.1.0/go.mod h1:J7Y8YcW2NihsgmVo/mv3lAwl/skON4iLHjSsI+c5H38=
github.com/gdbu/actions v0.5.10 h1:/cJq/NRuW0DhJSNPHnnoWptiFBqm95Nj5jSXsEiv2Rw=
github.com/gdbu/actions v0.5.10/go.mod h1:sSd/0VhQxcGohaBv2VQf73d/YzaOmUZFrewMZ/kJQM0=
github.com/gdbu/apikeys v0.5.10 h1:44imdk2BZnmEQ8Vrk7sxCAB9IwQcLT6oqUZvB2msb6I=
github.com/gdbu/apikeys v0.5.10/go.mod h1:/PI2Csi2wZ/feZWjjzCpCwOtZcLloDuka4Qk3dMQjx0=
github.com/gdbu/dbl v0.5.24 h1:RkArXh9EDwrk+pRYIJRaBuAzLSp/OtQAGBMFV17Sb2A=
github.com/gdbu/dbl v0.5.24/go.mod h1:pXlH8lTYlybSLDXJ1KBdkJM4UalMszPae8w2LDLA/9k=
github.com/gdbu/dbutils v0.5.3 h1:nJXi4MkPTpP67K7vdpcrA1OVcNLyQ70ZsMnWq7aSEtw=
github.com/gdbu/dbutils v0.5.3/go.mod h1:5ZrCjLny8ipC0EuRbiyOsNkB6hGJXbpljj7u9JH928w=
github.com/gdbu/logger v0.5.11 h1:S4KzAFQXTz+Ygl/lntX306UEmR5j8lGwlF4ElpkoXAM=
github.com/gdbu/logger v0.5.11/go.mod h1:7MqJVEm80tFRSpNC2yZ+TooZFHhSRYv2qSf1D5FHDys=
github.com/gdbu/snapshotter v0.5.8 h1:fkTEUjei92AHheAfOQiplR49jONBighMkT5UX1EHLLM=
github.com/gdbu/snapshotter v0.5.8/go.mod h1:OOn5O6jco8hbABbevbpV90gv/dVp2wq/MBu3+RxRaqI=
github.com/gdbu/uuid v0.0.3 h1:5Aq9IcqwTNHnMgxytlMahm/MRfhvXNB6K9aQ8mUtnI4=
github.com/gdbu/uuid v0.0.3/go.mod h1:zmy9ljgeduFDuWs/xyr2VQ6H0L4bJK15G/kpMvGcT5Y=
github.com/go-sql-driver/mysql v1.5.0/go.mod h1:DCzpHaOWr8IXmIStZouvnhqoel9Qv2LBy8hT2VhHyBg=
github.com/hatchify/atoms v0.4.79 h1:LGH5CYcOi8peub2rSBzebjgODEiR8LBMxjWCQZaKygA=
github.com/hatchify/atoms v0.4.79/go.mod h1:rj5Oi/MmC4N5juGypB+qZnBTxTJF8ywfykfpSkE/kBU=
github.com/hatchify/closer v0.4.81/go.mod h1:7hAg+9xoRQoREhqTwR3BzDoMOY5MWCoDE/1U6pPqk/A=
github.com/hatchify/colors v0.4.79 h1:E7LXqZVYDFNaTcQGxlBSfEKQ2rByeAUW84uKkat3AoA=
github.com/hatchify/colors v0.4.79/go.mod h1:t0952Ef1zDFMVTCkOwhrdJS9ToVWTdcJ3PWCHZADLuU=
github.com/hatchify/errors v0.4.82 h1:o7eB9r1X3Sx7PBRRXMCaAm+vXcoQLE4ZOesIv4oK36Q=
github.com/hatchify/errors v0.4.82/go.mod h1:niCrsPjs0fFes147TgJ0LSUVdtavQTUvBxNoJm9Vew0=
github.com/hatchify/mum v0.4.83 h1:WY6rxl1TKLabIwS4oYvtBLlLJlx1pJ2c11eCC7fizgQ=
github.com/hatchify/mum v0.4.83/go.mod h1:8ZYiCydXZJetLKggDzCau99zEYIa0jnk8ASsSun2ifo=
github.com/hatchify/scribe v0.4.85 h1:WAk+15H9vS107uM4SOq1+/0H3rjsC6YuCMn0+kaeOBE=
github.com/hatchify/scribe v0.4.85/go.mod h1:Z8YLt9euurwMOwav9pqQrsMCOodHv6/LZ7IaltMykgQ=
github.com/hatchify/simply v0.0.18 h1:mmcVtI655SinqE8m55QEjzD8uvBv8K6UVlc4O9Sfyhs=
github.com/hatchify/simply v0.0.18/go.mod h1:Zt75bbQLhETkkPSie6LEtRr13bt0cy4YzQrUoOH+xbI=
github.com/jmespath/go-jmespath v0.3.0 h1:OS12ieG61fsCg5+qLJ+SsW9NicxNkg3b25OyT2yCeUc=
github.com/jmespath/go-jmespath v0.3.0/go.mod h1:9QtRXoHjLGCJ5IBSaohpXITPlowMeeYCZ7fLUTSywik=
github.com/pkg/errors v0.9.1/go.mod h1:bwawxfHBFNV+L2hUp1rHADufV3IMtnDRdf1r5NINEl0=
github.com/pmezard/go-difflib v1.0.0 h1:4DBwDE0NGyQoBHbLQYPwSUPoCMWR5BEzIk/f1lZbAQM=
github.com/pmezard/go-difflib v1.0.0/go.mod h1:iKH77koFhYxTK1pcRnkKkqfTogsbg7gZNVY4sRDYZ/4=
github.com/stretchr/objx v0.1.0/go.mod h1:HFkY916IF+rwdDfMAkV7OtwuqBVzrE8GR6GFx+wExME=
github.com/stretchr/testify v1.5.1 h1:nOGnQDM7FYENwehXlg/kFVnos3rEvtKTjRvOWSzb6H4=
github.com/stretchr/testify v1.5.1/go.mod h1:5W2xD1RspED5o8YsWQXVCued0rvSQ+mT+I5cxcmMvtA=
github.com/vroomy/common v0.1.2 h1:NYh8l/T8yd8bxwBNwPytahY+EgQrBfLxUVAvb76qXxE=
github.com/vroomy/common v0.1.2/go.mod h1:NROW9LhlSXaMhmp0/pRyJRtUD51A7q6mVPgFFh62t1c=
golang.org/x/crypto v0.0.0-20190308221718-c2843e01d9a2/go.mod h1:djNgcEr1/C05ACkg1iLfiJU5Ep61QUkGW8qpdssI0+w=
golang.org/x/crypto v0.0.0-20200622213623-75b288015ac9 h1:psW17arqaxU48Z5kZ0CQnkZWQJsqcURM6tKiBApRjXI=
golang.org/x/crypto v0.0.0-20200622213623-75b288015ac9/go.mod h1:LzIPMQfyMNhhGPhUkYOs5KpL4U8rLKemX1yGLhDgUto=
golang.org/x/net v0.0.0-20190404232315-eb5bcb51f2a3/go.mod h1:t9HGtf8HONx5eT2rtn7q6eTqICYqUVnKs3thJo3Qplg=
golang.org/x/net v0.0.0-20200202094626-16171245cfb2 h1:CCH4IOTTfewWjGOlSp+zGcjutRKlBEZQ6wTn8ozI/nI=
golang.org/x/net v0.0.0-20200202094626-16171245cfb2/go.mod h1:z5CRVTTTmAJ677TzLLGU+0bjPO0LkuOLi4/5GtJWs/s=
golang.org/x/sys v0.0.0-20190215142949-d0b11bdaac8a/go.mod h1:STP8DvDyc/dI5b8T5hshtkjS+E42TnysNCUPdjciGhY=
golang.org/x/sys v0.0.0-20190412213103-97732733099d/go.mod h1:h1NjWce9XRLGQEsW7wpKNCjG9DtNlClVuFLEZdDNbEs=
golang.org/x/sys v0.0.0-20200625212154-ddb9806d33ae h1:Ih9Yo4hSPImZOpfGuA4bR/ORKTAbhZo2AbWNRCnevdo=
golang.org/x/sys v0.0.0-20200625212154-ddb9806d33ae/go.mod h1:h1NjWce9XRLGQEsW7wpKNCjG9DtNlClVuFLEZdDNbEs=
golang.org/x/text v0.3.0 h1:g61tztE5qeGQ89tm6NTjjM9VPIm088od1l6aSorWRWg=
golang.org/x/text v0.3.0/go.mod h1:NqM8EUOU14njkJ3fqMW+pc6Ldnwhi/IjpwHt7yyuwOQ=
gopkg.in/check.v1 v0.0.0-20161208181325-20d25e280405 h1:yhCVgyC4o1eVCa2tZl7eS0r+SDo693bJlVdllGtEeKM=
gopkg.in/check.v1 v0.0.0-20161208181325-20d25e280405/go.mod h1:Co6ibVJAznAaIkqp8huTwlJQCZ016jof/cbN4VW5Yz0=
gopkg.in/yaml.v2 v2.2.2 h1:ZCJp+EgiOT7lHqUV2J862kp8Qj64Jo6az82+3Td9dZw=
gopkg.in/yaml.v2 v2.2.2/go.mod h1:hI93XBmqTisBFMUTm0b8Fm+jr3Dg1NNxqwp+5A1VGuI=
