github.com/BurntSushi/toml v0.3.1 h1:WXkYYl6Yr3qBf1K79EBnL4mak0OimBfB0XUf9Vl28OQ=
github.com/BurntSushi/toml v0.3.1/go.mod h1:xHWCNGjB5oqiDr8zfno3MHue2Ht5sIBksp03qcyfWMU=
github.com/edsrzf/mmap-go v1.0.0 h1:CEBF7HpRnUCSJgGUb5h1Gm7e3VkmVDrR8lvWVLtrOFw=
github.com/edsrzf/mmap-go v1.0.0/go.mod h1:YO35OhQPt3KJa3ryjFM5Bs14WD66h8eGKpfaBNrHW5M=
github.com/gdbu/actions v0.6.0 h1:SC1nDhgusQTy1SSqeRsGEZ9TTlpeyZpyxcN+wtJwQ3w=
github.com/gdbu/actions v0.6.0/go.mod h1:Mw0Wdxa98OvpByXTqlm6ONpKexMtETy8Nc1F394OT2M=
github.com/gdbu/atoms v1.0.1 h1:7vSKoMNHQXQ0iMnDKjTDbOjhPVHZxgqiW4KPpKzGjyY=
github.com/gdbu/atoms v1.0.1/go.mod h1:NAF1/IvAK0xby1xvmlRLBpapkWBhWL8dlcsxVDGuUpo=
github.com/gdbu/bolt v1.4.0 h1:y0KmQLexHzWrpx3vdmqsFdgyRBKze/6jir9/y6Qw2Ig=
github.com/gdbu/bolt v1.4.0/go.mod h1:VxXGB8ehMDPaJIu3txG1PboAODVQu1mVDDN8i9FBVUU=
github.com/gdbu/indexer v0.1.4 h1:syicXPfyKMvEip60fvmDf7dTVyL2/8J8G4twOKM2oBg=
github.com/gdbu/indexer v0.1.4/go.mod h1:JU3TEHiWnPt8vc7nvF00jhLGNgV8Y0E9vW+QnaTHyT8=
github.com/gdbu/logger v0.6.2 h1:I82k0Fg0ZsOy1rsTjdt0zcD69kJPTtPRZfKOvOgguxg=
github.com/gdbu/logger v0.6.2/go.mod h1:YweE95qrjYqXm7wA/Uf3NW2ueFiNOtLDzktneVpe5kQ=
github.com/gdbu/reflectio v0.1.1 h1:lqGRPFoEUdLnd+rRIkDB/EXgx7cUdhIH70lGkJj6hgg=
github.com/gdbu/reflectio v0.1.1/go.mod h1:lmPbGDeqC0WYCTzIiB4YlvE7JgHtrw9ceGfNznv4K3A=
github.com/gdbu/scribe v0.4.88 h1:XuvLpX3Hpvz+L4Fh6sGWAX+LTdZcWPkcrECfKT0J4Jg=
github.com/gdbu/scribe v0.4.88/go.mod h1:d2N8Lim+phn6EuoppRUs6Vm9CSAHtzhTubGNM+A9Ya4=
github.com/gdbu/stringset v0.1.5 h1:tFUMr1siWaPQyFH6BZQwltlhP4lmwm7LywYU3/suTO4=
github.com/gdbu/stringset v0.1.5/go.mod h1:X1P7j6/Kvc4VW4nWgIGEJLlIKlCP2jBKoTO4Kr5KRhI=
github.com/gdbu/uuid v0.0.3 h1:5Aq9IcqwTNHnMgxytlMahm/MRfhvXNB6K9aQ8mUtnI4=
github.com/gdbu/uuid v0.0.3/go.mod h1:zmy9ljgeduFDuWs/xyr2VQ6H0L4bJK15G/kpMvGcT5Y=
github.com/hatchify/colors v0.4.79 h1:E7LXqZVYDFNaTcQGxlBSfEKQ2rByeAUW84uKkat3AoA=
github.com/hatchify/colors v0.4.79/go.mod h1:t0952Ef1zDFMVTCkOwhrdJS9ToVWTdcJ3PWCHZADLuU=
github.com/hatchify/cron v0.4.82 h1:NXiWl4/9w8Egg2N2FCrQuPYLevszgUv62ZHHMzfFbi8=
github.com/hatchify/cron v0.4.82/go.mod h1:X/CVy+BJDASlwrjpwJC4+jzD5Oeaw/NHGYkKRO3r9Tc=
github.com/hatchify/errors v0.4.82 h1:o7eB9r1X3Sx7PBRRXMCaAm+vXcoQLE4ZOesIv4oK36Q=
github.com/hatchify/errors v0.4.82/go.mod h1:niCrsPjs0fFes147TgJ0LSUVdtavQTUvBxNoJm9Vew0=
github.com/hatchify/simply v0.0.18 h1:mmcVtI655SinqE8m55QEjzD8uvBv8K6UVlc4O9Sfyhs=
github.com/hatchify/simply v0.0.18/go.mod h1:Zt75bbQLhETkkPSie6LEtRr13bt0cy4YzQrUoOH+xbI=
github.com/mojura-backends/bolt v0.1.6 h1:+29lJ6JvIFLI51YF61cw3ILZ3G1fqE85hh7ummH8nsU=
github.com/mojura-backends/bolt v0.1.6/go.mod h1:uVN/ZxLgGomD2Hx9KSI0pnqrUYV4ZHfQcsRFOxmfvV8=
github.com/mojura/backend v0.1.1 h1:d1AvGDEqR2m6J3Qe7FJ8z8pnM9+WV6G6K6GrCVjVQGg=
github.com/mojura/backend v0.1.1/go.mod h1:JasOEo8h+g7kp7qybW3K3F7qtcITeknVo27tSOibD6c=
github.com/mojura/mojura v0.8.9 h1:cNIUj1F750L+Kh1hmG/hyqER6n9YzAP+g5b1oYmhS+g=
github.com/mojura/mojura v0.8.9/go.mod h1:sR1PcTRdV8KHW5Kmqq+Si52hGmrrSkgA4aylhxqsYbo=
github.com/vroomy/httpserve v0.5.5 h1:lMh2qEw9Sqac+gyg8RocruBJiYrhCkzQSFd3ZHRmDUE=
github.com/vroomy/httpserve v0.5.5/go.mod h1:bQA5qluoQwSI0Eq/tCelDypWwzOLagxw2ewOTi16kGw=
golang.org/x/crypto v0.0.0-20190308221718-c2843e01d9a2 h1:VklqNMn3ovrHsnt90PveolxSbWFaJdECFbxSq0Mqo2M=
golang.org/x/crypto v0.0.0-20190308221718-c2843e01d9a2/go.mod h1:djNgcEr1/C05ACkg1iLfiJU5Ep61QUkGW8qpdssI0+w=
golang.org/x/crypto v0.0.0-20201221181555-eec23a3978ad h1:DN0cp81fZ3njFcrLCytUHRSUkqBjfTo4Tx9RJTWs0EY=
golang.org/x/crypto v0.0.0-20201221181555-eec23a3978ad/go.mod h1:jdWPYTVW3xRLrWPugEBEK3UY2ZEsg3UU495nc5E+M+I=
golang.org/x/net v0.0.0-20190404232315-eb5bcb51f2a3/go.mod h1:t9HGtf8HONx5eT2rtn7q6eTqICYqUVnKs3thJo3Qplg=
golang.org/x/sys v0.0.0-20190215142949-d0b11bdaac8a h1:1BGLXjeY4akVXGgbC9HugT3Jv3hCI0z56oJR5vAMgBU=
golang.org/x/sys v0.0.0-20190215142949-d0b11bdaac8a/go.mod h1:STP8DvDyc/dI5b8T5hshtkjS+E42TnysNCUPdjciGhY=
golang.org/x/sys v0.0.0-20191026070338-33540a1f6037/go.mod h1:h1NjWce9XRLGQEsW7wpKNCjG9DtNlClVuFLEZdDNbEs=
golang.org/x/sys v0.0.0-20201207223542-d4d67f95c62d h1:MiWWjyhUzZ+jvhZvloX6ZrUsdEghn8a64Upd8EMHglE=
golang.org/x/sys v0.0.0-20201207223542-d4d67f95c62d/go.mod h1:h1NjWce9XRLGQEsW7wpKNCjG9DtNlClVuFLEZdDNbEs=
golang.org/x/term v0.0.0-20201117132131-f5c789dd3221/go.mod h1:Nr5EML6q2oocZ2LXRh80K7BxOlk5/8JxuGnuhpl+muw=
golang.org/x/text v0.3.0/go.mod h1:NqM8EUOU14njkJ3fqMW+pc6Ldnwhi/IjpwHt7yyuwOQ=
