github.com/BurntSushi/toml v1.6.0 h1:dRaEfpa2VI55EwlIW72hMRHdWouJeRF7TPYhI+AUQjk=
github.com/BurntSushi/toml v1.6.0/go.mod h1:ukJfTF/6rtPPRCnwkur4qwRxa8vTRFBF0uk2lLoLwho=
github.com/edsrzf/mmap-go v1.2.0 h1:hXLYlkbaPzt1SaQk+anYwKSRNhufIDCchSPkUD6dD84=
github.com/edsrzf/mmap-go v1.2.0/go.mod h1:19H/e8pUPLicwkyNgOykDXkJ9F0MHE+Z52B8EIth78Q=
github.com/gdbu/bolt v1.4.0 h1:y0KmQLexHzWrpx3vdmqsFdgyRBKze/6jir9/y6Qw2Ig=
github.com/gdbu/bolt v1.4.0/go.mod h1:VxXGB8ehMDPaJIu3txG1PboAODVQu1mVDDN8i9FBVUU=
github.com/gdbu/errors v0.5.0 h1:Eind/t7U7V8ALS9U5BGl4Sgf/o4OrAZHYXvZO33Hbd0=
github.com/gdbu/errors v0.5.0/go.mod h1:npjb1xcBE8Z692We7B/woYfmYpfOQj/alXNXZ3TT2YQ=
github.com/gdbu/reflectio v0.1.5 h1:F/zGoyqRgi23pNRP68YRJoAU4K1p+yh6gOevhKDnBPI=
github.com/gdbu/reflectio v0.1.5/go.mod h1:lmPbGDeqC0WYCTzIiB4YlvE7JgHtrw9ceGfNznv4K3A=
github.com/gdbu/stopwatch v0.5.0 h1:iaLbkvlH9nYjXgz11/QrER/Z7hOKgAd9pzGIpqVFtAM=
github.com/gdbu/stopwatch v0.5.0/go.mod h1:XeShFhlO3R3PNuOHKMe7zR5U1TnEaY0VoIYRmRQ/ZT8=
github.com/gdbu/stringset v0.4.0 h1:ZMSMm2xeHO1AQKKe3NxE/PJARuhJahc2pJWJJ4mNePc=
github.com/gdbu/stringset v0.4.0/go.mod h1:znSCxyeQBe54+i3Vm0xkX1XU5z6r3pCZ1yDoUAf73Pw=
github.com/gdbu/uuid v0.2.0 h1:163PZdghx/zYV0J9p/1aATrQtJYIMWidjjlytqwqvB8=
github.com/gdbu/uuid v0.2.0/go.mod h1:otn4VJxZKwr7zQ5Fm8OY07S1yNLyrJz+OMcekYMVfso=
github.com/mojura-backends/bolt v0.2.1 h1:eqSRKqE3FD3TrYSP2Ocl1+/PrwNkyguEHA/r6EW/mv8=
github.com/mojura-backends/bolt v0.2.1/go.mod h1:+KjtCS4OuLbID3MO9jRs2EFMBwY/S5KS3YX4MTL6mxQ=
github.com/mojura/backend v0.2.1 h1:IvyZeWcAAu8TZ1u3cB5+9WtA0NbWbAsf5iymuDQ8LBs=
github.com/mojura/backend v0.2.1/go.mod h1:JasOEo8h+g7kp7qybW3K3F7qtcITeknVo27tSOibD6c=
github.com/mojura/enkodo v0.6.1 h1:sVCgAjyQhI1bGRhQy/pRQtKjr2szElgvx0a2TwcdU7w=
github.com/mojura/enkodo v0.6.1/go.mod h1:anUBJX4KuHLU1T+yytnGFrfQyye1dNHYpjWOAq2xvzI=
github.com/mojura/kiroku v0.18.1 h1:NMT9StRt+mEOFCnCPiqqX+nwKawu0Q06xVFy4yxdunw=
github.com/mojura/kiroku v0.18.1/go.mod h1:JvAo+ysYg5Lm1HqAVzV7CppvWa5bMg7iXcrM0OXrsDA=
github.com/mojura/mojura v0.23.3 h1:9uF20PnPYo2lF7C+cfs8NeTtZ9kmexvQVmRl02jLpSM=
github.com/mojura/mojura v0.23.3/go.mod h1:+vqK27oDDpqjCisjWHN3ssaStV96v2J8g46fefvqf+s=
github.com/vroomy/httpserve v0.13.1 h1:CEKgyZYo2dBlhyqdV5leLfyEV9x1C+p6kEyvm/nLetc=
github.com/vroomy/httpserve v0.13.1/go.mod h1:ndXe1uMKP1uzeNjRuAOss1wNzER2CwzEdNmGW7qvsd0=
golang.org/x/crypto v0.49.0 h1:+Ng2ULVvLHnJ/ZFEq4KdcDd/cfjrrjjNSXNzxg0Y4U4=
golang.org/x/crypto v0.49.0/go.mod h1:ErX4dUh2UM+CFYiXZRTcMpEcN8b/1gxEuv3nODoYtCA=
golang.org/x/net v0.52.0 h1:He/TN1l0e4mmR3QqHMT2Xab3Aj3L9qjbhRm78/6jrW0=
golang.org/x/net v0.52.0/go.mod h1:R1MAz7uMZxVMualyPXb+VaqGSa3LIaUqk0eEt3w36Sw=
golang.org/x/sys v0.0.0-20201207223542-d4d67f95c62d/go.mod h1:h1NjWce9XRLGQEsW7wpKNCjG9DtNlClVuFLEZdDNbEs=
golang.org/x/sys v0.42.0 h1:omrd2nAlyT5ESRdCLYdm3+fMfNFE/+Rf4bDIQImRJeo=
golang.org/x/sys v0.42.0/go.mod h1:4GL1E5IUh+htKOUEOaiffhrAeqysfVGipDYzABqnCmw=
golang.org/x/text v0.35.0 h1:JOVx6vVDFokkpaq1AEptVzLTpDe9KGpj5tR4/X+ybL8=
golang.org/x/text v0.35.0/go.mod h1:khi/HExzZJ2pGnjenulevKNX1W67CUy0AsXcNubPGCA=
